
Microsoft Visual Studio Solution File, Format Version 12.00
# Visual Studio 2012
Project("{FAE04EC0-301F-11D3-BF4B-00C04F79EFBC}") = "GraphPlotter", "GraphPlotter\GraphPlotter.csproj", "{5818ADD4-B8EB-4B07-8503-8A4F504BB3EE}"
EndProject
Project("{FAE04EC0-301F-11D3-BF4B-00C04F79EFBC}") = "Xwt", "A:\Projects\xwt\Xwt\Xwt.csproj", "{92494904-35FA-4DC9-BDE9-3A3E87AC49D3}"
EndProject
Project("{FAE04EC0-301F-11D3-BF4B-00C04F79EFBC}") = "Xwt.WPF", "A:\Projects\xwt\Xwt.WPF\Xwt.WPF.csproj", "{C93D746E-1586-4D4F-B411-BF5A966E6A08}"
EndProject
Project("{FAE04EC0-301F-11D3-BF4B-00C04F79EFBC}") = "DParser2", "..\D_Parser\DParser2\DParser2.csproj", "{0290A229-9AA1-41C3-B525-CAFB86D8BC42}"
EndProject
Global
	GlobalSection(SolutionConfigurationPlatforms) = preSolution
		Debug|Any CPU = Debug|Any CPU
		Debug|x86 = Debug|x86
		Release|Any CPU = Release|Any CPU
		Release|x86 = Release|x86
	EndGlobalSection
	GlobalSection(ProjectConfigurationPlatforms) = postSolution
		{5818ADD4-B8EB-4B07-8503-8A4F504BB3EE}.Debug|Any CPU.ActiveCfg = Debug|Any CPU
		{5818ADD4-B8EB-4B07-8503-8A4F504BB3EE}.Debug|Any CPU.Build.0 = Debug|Any CPU
		{5818ADD4-B8EB-4B07-8503-8A4F504BB3EE}.Debug|x86.ActiveCfg = Debug|Any CPU
		{5818ADD4-B8EB-4B07-8503-8A4F504BB3EE}.Release|Any CPU.ActiveCfg = Release|Any CPU
		{5818ADD4-B8EB-4B07-8503-8A4F504BB3EE}.Release|Any CPU.Build.0 = Release|Any CPU
		{5818ADD4-B8EB-4B07-8503-8A4F504BB3EE}.Release|x86.ActiveCfg = Release|Any CPU
		{92494904-35FA-4DC9-BDE9-3A3E87AC49D3}.Debug|Any CPU.ActiveCfg = Debug|Any CPU
		{92494904-35FA-4DC9-BDE9-3A3E87AC49D3}.Debug|Any CPU.Build.0 = Debug|Any CPU
		{92494904-35FA-4DC9-BDE9-3A3E87AC49D3}.Debug|x86.ActiveCfg = Debug|Any CPU
		{92494904-35FA-4DC9-BDE9-3A3E87AC49D3}.Release|Any CPU.ActiveCfg = Release|Any CPU
		{92494904-35FA-4DC9-BDE9-3A3E87AC49D3}.Release|Any CPU.Build.0 = Release|Any CPU
		{92494904-35FA-4DC9-BDE9-3A3E87AC49D3}.Release|x86.ActiveCfg = Release|Any CPU
		{C93D746E-1586-4D4F-B411-BF5A966E6A08}.Debug|Any CPU.ActiveCfg = Debug|Any CPU
		{C93D746E-1586-4D4F-B411-BF5A966E6A08}.Debug|Any CPU.Build.0 = Debug|Any CPU
		{C93D746E-1586-4D4F-B411-BF5A966E6A08}.Debug|x86.ActiveCfg = Debug|Any CPU
		{C93D746E-1586-4D4F-B411-BF5A966E6A08}.Release|Any CPU.ActiveCfg = Release|Any CPU
		{C93D746E-1586-4D4F-B411-BF5A966E6A08}.Release|Any CPU.Build.0 = Release|Any CPU
		{C93D746E-1586-4D4F-B411-BF5A966E6A08}.Release|x86.ActiveCfg = Release|Any CPU
		{0290A229-9AA1-41C3-B525-CAFB86D8BC42}.Debug|Any CPU.ActiveCfg = Debug|Any CPU
		{0290A229-9AA1-41C3-B525-CAFB86D8BC42}.Debug|Any CPU.Build.0 = Debug|Any CPU
		{0290A229-9AA1-41C3-B525-CAFB86D8BC42}.Debug|x86.ActiveCfg = Debug|x86
		{0290A229-9AA1-41C3-B525-CAFB86D8BC42}.Debug|x86.Build.0 = Debug|x86
		{0290A229-9AA1-41C3-B525-CAFB86D8BC42}.Release|Any CPU.ActiveCfg = Release|Any CPU
		{0290A229-9AA1-41C3-B525-CAFB86D8BC42}.Release|Any CPU.Build.0 = Release|Any CPU
		{0290A229-9AA1-41C3-B525-CAFB86D8BC42}.Release|x86.ActiveCfg = Release|x86
		{0290A229-9AA1-41C3-B525-CAFB86D8BC42}.Release|x86.Build.0 = Release|x86
	EndGlobalSection
	GlobalSection(SolutionProperties) = preSolution
		HideSolutionNode = FALSE
	EndGlobalSection
EndGlobal
